<?xml version="1.0" encoding="utf-8"?>
<Project ToolsVersion="4.0" xmlns="http://schemas.microsoft.com/developer/msbuild/2003">
  <ItemGroup>
    <Filter Include="core">
      <UniqueIdentifier>{6b284427-54d4-49ef-afb1-13a3a671aca0}</UniqueIdentifier>
    </Filter>
    <Filter Include="rt">
      <UniqueIdentifier>{1b6f65d8-e391-4579-877a-da684d0a40f9}</UniqueIdentifier>
    </Filter>
    <Filter Include="main">
      <UniqueIdentifier>{75961c76-1da5-4f6d-82bb-cd87c1449a7e}</UniqueIdentifier>
    </Filter>
    <Filter Include="rt\cameras">
      <UniqueIdentifier>{cace52b3-55b0-4e94-9656-29f7b9af3863}</UniqueIdentifier>
    </Filter>
    <Filter Include="include">
      <UniqueIdentifier>{fa73cef8-b7ed-497a-b9b7-6a745f4ed63d}</UniqueIdentifier>
    </Filter>
    <Filter Include="rt\groups">
      <UniqueIdentifier>{65bcf273-1a8c-4da5-82e5-6452df9a12c5}</UniqueIdentifier>
    </Filter>
    <Filter Include="rt\solids">
      <UniqueIdentifier>{c89789ef-4936-46db-97b4-fad409ab1af1}</UniqueIdentifier>
    </Filter>
    <Filter Include="rt\integrators">
      <UniqueIdentifier>{d7e11dfe-b693-4c62-b088-a137e7e3ec40}</UniqueIdentifier>
    </Filter>
  </ItemGroup>
  <ItemGroup>
    <ClInclude Include="core\macros.h">
      <Filter>core</Filter>
    </ClInclude>
    <ClInclude Include="core\scalar.h">
      <Filter>core</Filter>
    </ClInclude>
    <ClInclude Include="core\vector.h">
      <Filter>core</Filter>
    </ClInclude>
    <ClInclude Include="rt\ray.h">
      <Filter>rt</Filter>
    </ClInclude>
    <ClInclude Include="core\image.h">
      <Filter>core</Filter>
    </ClInclude>
    <ClInclude Include="core\assert.h">
      <Filter>core</Filter>
    </ClInclude>
    <ClInclude Include="rt\cameras\perspective.h">
      <Filter>rt\cameras</Filter>
    </ClInclude>
    <ClInclude Include="rt\renderer.h">
      <Filter>rt</Filter>
    </ClInclude>
    <ClInclude Include="rt\cameras\camera.h">
      <Filter>rt\cameras</Filter>
    </ClInclude>
    <ClInclude Include="core\point.h">
      <Filter>core</Filter>
    </ClInclude>
    <ClInclude Include="core\color.h">
      <Filter>core</Filter>
    </ClInclude>
    <ClInclude Include="core\julia.h">
      <Filter>core</Filter>
    </ClInclude>
    <ClInclude Include="rt\cameras\orthographic.h">
      <Filter>rt\cameras</Filter>
    </ClInclude>
    <ClInclude Include="inlcude\begin_code.h">
      <Filter>include</Filter>
    </ClInclude>
    <ClInclude Include="inlcude\close_code.h">
      <Filter>include</Filter>
    </ClInclude>
    <ClInclude Include="inlcude\SDL_active.h">
      <Filter>include</Filter>
    </ClInclude>
    <ClInclude Include="inlcude\SDL_audio.h">
      <Filter>include</Filter>
    </ClInclude>
    <ClInclude Include="inlcude\SDL_byteorder.h">
      <Filter>include</Filter>
    </ClInclude>
    <ClInclude Include="inlcude\SDL_cdrom.h">
      <Filter>include</Filter>
    </ClInclude>
    <ClInclude Include="inlcude\SDL_config.h">
      <Filter>include</Filter>
    </ClInclude>
    <ClInclude Include="inlcude\SDL_config_dreamcast.h">
      <Filter>include</Filter>
    </ClInclude>
    <ClInclude Include="inlcude\SDL_config_macos.h">
      <Filter>include</Filter>
    </ClInclude>
    <ClInclude Include="inlcude\SDL_config_macosx.h">
      <Filter>include</Filter>
    </ClInclude>
    <ClInclude Include="inlcude\SDL_config_minimal.h">
      <Filter>include</Filter>
    </ClInclude>
    <ClInclude Include="inlcude\SDL_config_nds.h">
      <Filter>include</Filter>
    </ClInclude>
    <ClInclude Include="inlcude\SDL_config_os2.h">
      <Filter>include</Filter>
    </ClInclude>
    <ClInclude Include="inlcude\SDL_config_symbian.h">
      <Filter>include</Filter>
    </ClInclude>
    <ClInclude Include="inlcude\SDL_config_win32.h">
      <Filter>include</Filter>
    </ClInclude>
    <ClInclude Include="inlcude\SDL_copying.h">
      <Filter>include</Filter>
    </ClInclude>
    <ClInclude Include="inlcude\SDL_cpuinfo.h">
      <Filter>include</Filter>
    </ClInclude>
    <ClInclude Include="inlcude\SDL_endian.h">
      <Filter>include</Filter>
    </ClInclude>
    <ClInclude Include="inlcude\SDL_error.h">
      <Filter>include</Filter>
    </ClInclude>
    <ClInclude Include="inlcude\SDL_events.h">
      <Filter>include</Filter>
    </ClInclude>
    <ClInclude Include="inlcude\SDL_getenv.h">
      <Filter>include</Filter>
    </ClInclude>
    <ClInclude Include="inlcude\SDL_joystick.h">
      <Filter>include</Filter>
    </ClInclude>
    <ClInclude Include="inlcude\SDL_keyboard.h">
      <Filter>include</Filter>
    </ClInclude>
    <ClInclude Include="inlcude\SDL_keysym.h">
      <Filter>include</Filter>
    </ClInclude>
    <ClInclude Include="inlcude\SDL_loadso.h">
      <Filter>include</Filter>
    </ClInclude>
    <ClInclude Include="inlcude\SDL_main.h">
      <Filter>include</Filter>
    </ClInclude>
    <ClInclude Include="inlcude\SDL_mouse.h">
      <Filter>include</Filter>
    </ClInclude>
    <ClInclude Include="inlcude\SDL_mutex.h">
      <Filter>include</Filter>
    </ClInclude>
    <ClInclude Include="inlcude\SDL_name.h">
      <Filter>include</Filter>
    </ClInclude>
    <ClInclude Include="inlcude\SDL_opengl.h">
      <Filter>include</Filter>
    </ClInclude>
    <ClInclude Include="inlcude\SDL_platform.h">
      <Filter>include</Filter>
    </ClInclude>
    <ClInclude Include="inlcude\SDL_quit.h">
      <Filter>include</Filter>
    </ClInclude>
    <ClInclude Include="inlcude\SDL_rwops.h">
      <Filter>include</Filter>
    </ClInclude>
    <ClInclude Include="inlcude\SDL_stdinc.h">
      <Filter>include</Filter>
    </ClInclude>
    <ClInclude Include="inlcude\SDL_syswm.h">
      <Filter>include</Filter>
    </ClInclude>
    <ClInclude Include="inlcude\SDL_thread.h">
      <Filter>include</Filter>
    </ClInclude>
    <ClInclude Include="inlcude\SDL_timer.h">
      <Filter>include</Filter>
    </ClInclude>
    <ClInclude Include="inlcude\SDL_types.h">
      <Filter>include</Filter>
    </ClInclude>
    <ClInclude Include="inlcude\SDL_version.h">
      <Filter>include</Filter>
    </ClInclude>
    <ClInclude Include="inlcude\SDL_video.h">
      <Filter>include</Filter>
    </ClInclude>
    <ClInclude Include="inlcude\SDL.h">
      <Filter>include</Filter>
    </ClInclude>
    <ClInclude Include="rt\cameras\fisheye.h">
      <Filter>rt\cameras</Filter>
    </ClInclude>
    <ClInclude Include="rt\cameras\environment.h">
      <Filter>rt\cameras</Filter>
    </ClInclude>
    <ClInclude Include="rt\intersection.h">
      <Filter>rt</Filter>
    </ClInclude>
    <ClInclude Include="rt\primitive.h">
      <Filter>rt</Filter>
    </ClInclude>
    <ClInclude Include="rt\groups\group.h">
      <Filter>rt\groups</Filter>
    </ClInclude>
    <ClInclude Include="rt\groups\simplegroup.h">
      <Filter>rt\groups</Filter>
    </ClInclude>
    <ClInclude Include="rt\solids\aabox.h">
      <Filter>rt\solids</Filter>
    </ClInclude>
    <ClInclude Include="rt\solids\disc.h">
      <Filter>rt\solids</Filter>
    </ClInclude>
    <ClInclude Include="rt\solids\infiniteplane.h">
      <Filter>rt\solids</Filter>
    </ClInclude>
    <ClInclude Include="rt\solids\quad.h">
      <Filter>rt\solids</Filter>
    </ClInclude>
    <ClInclude Include="rt\solids\solid.h">
      <Filter>rt\solids</Filter>
    </ClInclude>
    <ClInclude Include="rt\solids\sphere.h">
      <Filter>rt\solids</Filter>
    </ClInclude>
    <ClInclude Include="rt\solids\triangle.h">
      <Filter>rt\solids</Filter>
    </ClInclude>
    <ClInclude Include="rt\integrators\casting.h">
      <Filter>rt\integrators</Filter>
    </ClInclude>
    <ClInclude Include="rt\integrators\castingdist.h">
      <Filter>rt\integrators</Filter>
    </ClInclude>
    <ClInclude Include="rt\integrators\integrator.h">
      <Filter>rt\integrators</Filter>
    </ClInclude>
    <ClInclude Include="rt\world.h">
      <Filter>rt</Filter>
    </ClInclude>
  </ItemGroup>
  <ItemGroup>
    <ClCompile Include="main\main.cpp">
      <Filter>main</Filter>
    </ClCompile>
    <ClCompile Include="core\image.cpp">
      <Filter>core</Filter>
    </ClCompile>
    <ClCompile Include="core\scalar.cpp">
      <Filter>core</Filter>
    </ClCompile>
    <ClCompile Include="core\julia.cpp">
      <Filter>core</Filter>
    </ClCompile>
    <ClCompile Include="main\a_julia.cpp">
      <Filter>main</Filter>
    </ClCompile>
    <ClCompile Include="main\a_cameras.cpp">
      <Filter>main</Filter>
    </ClCompile>
    <ClCompile Include="core\vector.cpp">
      <Filter>core</Filter>
    </ClCompile>
    <ClCompile Include="core\point.cpp">
      <Filter>core</Filter>
    </ClCompile>
    <ClCompile Include="core\color.cpp">
      <Filter>core</Filter>
    </ClCompile>
    <ClCompile Include="rt\renderer.cpp">
      <Filter>rt</Filter>
    </ClCompile>
    <ClCompile Include="rt\ray.cpp">
      <Filter>rt</Filter>
    </ClCompile>
    <ClCompile Include="rt\cameras\perspective.cpp">
      <Filter>rt\cameras</Filter>
    </ClCompile>
    <ClCompile Include="rt\cameras\orthographic.cpp">
      <Filter>rt\cameras</Filter>
    </ClCompile>
    <ClCompile Include="rt\cameras\fisheye.cpp">
      <Filter>rt\cameras</Filter>
    </ClCompile>
    <ClCompile Include="rt\cameras\environment.cpp">
      <Filter>rt\cameras</Filter>
    </ClCompile>
    <ClCompile Include="rt\intersection.cpp">
      <Filter>rt</Filter>
    </ClCompile>
    <ClCompile Include="rt\groups\simplegroup.cpp">
      <Filter>rt\groups</Filter>
    </ClCompile>
    <ClCompile Include="rt\integrators\casting.cpp">
      <Filter>rt\integrators</Filter>
    </ClCompile>
    <ClCompile Include="rt\world.cpp">
      <Filter>rt</Filter>
    </ClCompile>
    <ClCompile Include="rt\integrators\castingdist.cpp">
      <Filter>rt\integrators</Filter>
    </ClCompile>
    <ClCompile Include="main\a_solids.cpp">
      <Filter>main</Filter>
    </ClCompile>
  </ItemGroup>
  <ItemGroup>
    <None Include="SDL.dll" />
  </ItemGroup>
  <ItemGroup>
    <Library Include="SDL.lib" />
    <Library Include="SDLmain.lib" />
  </ItemGroup>
</Project>