<?xml version="1.0" encoding="utf-8"?>
<Project ToolsVersion="4.0" xmlns="http://schemas.microsoft.com/developer/msbuild/2003">
  <ItemGroup>
    <ClCompile Include="core\color.cpp" />
    <ClCompile Include="core\float4.cpp" />
    <ClCompile Include="core\image.cpp" />
    <ClCompile Include="core\interpolate.cpp" />
    <ClCompile Include="core\julia.cpp" />
    <ClCompile Include="core\Matrix.cpp" />
    <ClCompile Include="core\point.cpp" />
    <ClCompile Include="core\scalar.cpp" />
    <ClCompile Include="core\vector.cpp" />
    <ClCompile Include="main\a_indexing.cpp" />
    <ClCompile Include="main\a_julia.cpp" />
    <ClCompile Include="main\a_cameras.cpp" />
    <ClCompile Include="main\a_lighting.cpp" />
    <ClCompile Include="main\a_mappers.cpp" />
    <ClCompile Include="main\a_materials.cpp" />
    <ClCompile Include="main\a_solids.cpp" />
    <ClCompile Include="main\a_textures.cpp" />
    <ClCompile Include="main\main.cpp" />
    <ClCompile Include="main\newscene.cpp" />
    <ClCompile Include="rt\bbox.cpp" />
    <ClCompile Include="rt\cameras\environment.cpp" />
    <ClCompile Include="rt\cameras\fisheye.cpp" />
    <ClCompile Include="rt\cameras\orthographic.cpp" />
    <ClCompile Include="rt\cameras\perspective.cpp" />
    <ClCompile Include="rt\coordmappers\plane.cpp" />
    <ClCompile Include="rt\coordmappers\tmapper.cpp" />
    <ClCompile Include="rt\coordmappers\world.cpp" />
    <ClCompile Include="rt\groups\kd.cpp" />
    <ClCompile Include="rt\groups\simplegroup.cpp" />
    <ClCompile Include="rt\integrators\casting.cpp" />
    <ClCompile Include="rt\integrators\castingdist.cpp" />
    <ClCompile Include="rt\integrators\raytrace.cpp" />
    <ClCompile Include="rt\integrators\recraytrace.cpp" />
    <ClCompile Include="rt\intersection.cpp" />
    <ClCompile Include="rt\lights\directional.cpp" />
    <ClCompile Include="rt\lights\pointlight.cpp" />
    <ClCompile Include="rt\lights\projectivelight.cpp" />
    <ClCompile Include="rt\lights\spotlight.cpp" />
    <ClCompile Include="rt\loaders\obj.cpp" />
    <ClCompile Include="rt\materials\combine.cpp" />
    <ClCompile Include="rt\materials\CookTorranceMaterial.cpp" />
    <ClCompile Include="rt\materials\dummy.cpp" />
    <ClCompile Include="rt\materials\flatmaterial.cpp" />
    <ClCompile Include="rt\materials\lambertian.cpp" />
    <ClCompile Include="rt\materials\mirror.cpp" />
    <ClCompile Include="rt\materials\phong.cpp" />
    <ClCompile Include="rt\ray.cpp" />
    <ClCompile Include="rt\renderer.cpp" />
    <ClCompile Include="rt\solids\aabox.cpp" />
    <ClCompile Include="rt\solids\disc.cpp" />
    <ClCompile Include="rt\solids\generalquadric.cpp" />
    <ClCompile Include="rt\solids\gensphere.cpp" />
    <ClCompile Include="rt\solids\infiniteplane.cpp" />
    <ClCompile Include="rt\solids\quad.cpp" />
    <ClCompile Include="rt\solids\solids.cpp" />
    <ClCompile Include="rt\solids\sphere.cpp" />
    <ClCompile Include="rt\solids\triangle.cpp" />
    <ClCompile Include="rt\textures\checkerboard.cpp" />
    <ClCompile Include="rt\textures\constanttexture.cpp" />
    <ClCompile Include="rt\textures\perlin.cpp" />
    <ClCompile Include="rt\textures\imagetex.cpp" />
    <ClCompile Include="rt\coordmappers\spherical.cpp" />
    <ClCompile Include="rt\coordmappers\cylindrical.cpp" />
    <ClCompile Include="rt\coordmappers\Environmapper.cpp" />
    <ClCompile Include="rt\solids\environmentobj.cpp" />
  </ItemGroup>
  <ItemGroup>
    <ClInclude Include="core\assert.h" />
    <ClInclude Include="core\color.h" />
    <ClInclude Include="core\float4.h" />
    <ClInclude Include="core\image.h" />
    <ClInclude Include="core\interpolate-impl.h" />
    <ClInclude Include="core\interpolate.h" />
    <ClInclude Include="core\julia.h" />
    <ClInclude Include="core\macros.h" />
    <ClInclude Include="core\Matrix.h" />
    <ClInclude Include="core\point.h" />
    <ClInclude Include="core\scalar.h" />
    <ClInclude Include="core\vector.h" />
    <ClInclude Include="resource.h" />
    <ClInclude Include="rt\bbox.h" />
    <ClInclude Include="rt\cameras\camera.h" />
    <ClInclude Include="rt\cameras\environment.h" />
    <ClInclude Include="rt\cameras\fisheye.h" />
    <ClInclude Include="rt\cameras\orthographic.h" />
    <ClInclude Include="rt\cameras\perspective.h" />
    <ClInclude Include="rt\coordmappers\coordmapper.h" />
    <ClInclude Include="rt\coordmappers\cylindrical.h" />
    <ClInclude Include="rt\coordmappers\Environmentmapper.h" />
    <ClInclude Include="rt\coordmappers\plane.h" />
    <ClInclude Include="rt\coordmappers\spherical.h" />
    <ClInclude Include="rt\coordmappers\tmapper.h" />
    <ClInclude Include="rt\coordmappers\world.h" />
    <ClInclude Include="rt\groups\group.h" />
    <ClInclude Include="rt\groups\kd.h" />
    <ClInclude Include="rt\groups\simplegroup.h" />
    <ClInclude Include="rt\integrators\casting.h" />
    <ClInclude Include="rt\integrators\castingdist.h" />
    <ClInclude Include="rt\integrators\integrator.h" />
    <ClInclude Include="rt\integrators\raytrace.h" />
    <ClInclude Include="rt\integrators\recraytrace.h" />
    <ClInclude Include="rt\intersection.h" />
    <ClInclude Include="rt\lights\directional.h" />
    <ClInclude Include="rt\lights\light.h" />
    <ClInclude Include="rt\lights\pointlight.h" />
    <ClInclude Include="rt\lights\projectivelight.h" />
    <ClInclude Include="rt\lights\spotlight.h" />
    <ClInclude Include="rt\loaders\obj.h" />
    <ClInclude Include="rt\materials\combine.h" />
    <ClInclude Include="rt\materials\CookTorranceMaterial.h" />
    <ClInclude Include="rt\materials\dummy.h" />
    <ClInclude Include="rt\materials\flatmaterial.h" />
    <ClInclude Include="rt\materials\lambertian.h" />
    <ClInclude Include="rt\materials\material.h" />
    <ClInclude Include="rt\materials\mirror.h" />
    <ClInclude Include="rt\materials\phong.h" />
    <ClInclude Include="rt\primitive.h" />
    <ClInclude Include="rt\ray.h" />
    <ClInclude Include="rt\renderer.h" />
    <ClInclude Include="rt\solids\aabox.h" />
    <ClInclude Include="rt\solids\disc.h" />
    <ClInclude Include="rt\solids\generalquadric.h" />
    <ClInclude Include="rt\solids\gensphere.h" />
    <ClInclude Include="rt\solids\infiniteplane.h" />
    <ClInclude Include="rt\solids\quad.h" />
    <ClInclude Include="rt\solids\solid.h" />
    <ClInclude Include="rt\solids\sphere.h" />
    <ClInclude Include="rt\solids\triangle.h" />
    <ClInclude Include="rt\textures\checkerboard.h" />
    <ClInclude Include="rt\textures\constant.h" />
    <ClInclude Include="rt\textures\imagetex.h" />
    <ClInclude Include="rt\textures\perlin.h" />
    <ClInclude Include="rt\textures\texture.h" />
    <ClInclude Include="rt\world.h" />
    <ClInclude Include="rt\solids\environmentobj.h" />
  </ItemGroup>
  <ItemGroup>
    <ResourceCompile Include="CG1raytracer.rc" />
  </ItemGroup>
</Project>